
Microsoft Visual Studio Solution File, Format Version 12.00
# Visual Studio Version 17
VisualStudioVersion = 17.1.32210.238
MinimumVisualStudioVersion = 10.0.40219.1
Project("{9A19103F-16F7-4668-BE54-9A1E7A4F7556}") = "Exercise1", "Exercise1\Exercise1.csproj", "{5D799CAB-FAE6-4BFA-A556-E508054B1464}"
EndProject
Project("{9A19103F-16F7-4668-BE54-9A1E7A4F7556}") = "Week2Task", "Week2Task\Week2Task.csproj", "{4B6F0571-55F0-4AE6-9756-C66702156736}"
EndProject
Global
	GlobalSection(SolutionConfigurationPlatforms) = preSolution
		Debug|Any CPU = Debug|Any CPU
		Release|Any CPU = Release|Any CPU
	EndGlobalSection
	GlobalSection(ProjectConfigurationPlatforms) = postSolution
		{5D799CAB-FAE6-4BFA-A556-E508054B1464}.Debug|Any CPU.ActiveCfg = Debug|Any CPU
		{5D799CAB-FAE6-4BFA-A556-E508054B1464}.Debug|Any CPU.Build.0 = Debug|Any CPU
		{5D799CAB-FAE6-4BFA-A556-E508054B1464}.Release|Any CPU.ActiveCfg = Release|Any CPU
		{5D799CAB-FAE6-4BFA-A556-E508054B1464}.Release|Any CPU.Build.0 = Release|Any CPU
		{4B6F0571-55F0-4AE6-9756-C66702156736}.Debug|Any CPU.ActiveCfg = Debug|Any CPU
		{4B6F0571-55F0-4AE6-9756-C66702156736}.Debug|Any CPU.Build.0 = Debug|Any CPU
		{4B6F0571-55F0-4AE6-9756-C66702156736}.Release|Any CPU.ActiveCfg = Release|Any CPU
		{4B6F0571-55F0-4AE6-9756-C66702156736}.Release|Any CPU.Build.0 = Release|Any CPU
	EndGlobalSection
	GlobalSection(SolutionProperties) = preSolution
		HideSolutionNode = FALSE
	EndGlobalSection
	GlobalSection(ExtensibilityGlobals) = postSolution
		SolutionGuid = {8218A3DA-4AF8-4A01-B65E-3E55B6906AC4}
	EndGlobalSection
EndGlobal
